
Microsoft Visual Studio Solution File, Format Version 12.00
# Visual Studio 15
VisualStudioVersion = 15.0.28010.2050
MinimumVisualStudioVersion = 10.0.40219.1
Project("{FAE04EC0-301F-11D3-BF4B-00C04F79EFBC}") = "Banany", "Banany\Banany.csproj", "{428A6485-5E71-425C-A41D-02F9F0B066E1}"
EndProject
Global
	GlobalSection(SolutionConfigurationPlatforms) = preSolution
		Debug|Any CPU = Debug|Any CPU
		Release|Any CPU = Release|Any CPU
	EndGlobalSection
	GlobalSection(ProjectConfigurationPlatforms) = postSolution
		{428A6485-5E71-425C-A41D-02F9F0B066E1}.Debug|Any CPU.ActiveCfg = Debug|Any CPU
		{428A6485-5E71-425C-A41D-02F9F0B066E1}.Debug|Any CPU.Build.0 = Debug|Any CPU
		{428A6485-5E71-425C-A41D-02F9F0B066E1}.Release|Any CPU.ActiveCfg = Release|Any CPU
		{428A6485-5E71-425C-A41D-02F9F0B066E1}.Release|Any CPU.Build.0 = Release|Any CPU
	EndGlobalSection
	GlobalSection(SolutionProperties) = preSolution
		HideSolutionNode = FALSE
	EndGlobalSection
	GlobalSection(ExtensibilityGlobals) = postSolution
		SolutionGuid = {D7D7D2D4-D51F-445B-A894-A7BB0EE0C8E1}
	EndGlobalSection
EndGlobal
